# This file is generated by running "yarn install" inside your project.
# Manual changes might be lost - proceed with caution!

__metadata:
  version: 4

"yarn2-boilerplate@workspace:.":
  version: 0.0.0-use.local
  resolution: "yarn2-boilerplate@workspace:."
  languageName: unknown
  linkType: soft
